
Microsoft Visual Studio Solution File, Format Version 12.00
# Visual Studio Version 18
VisualStudioVersion = 18.4.11612.150 stable
MinimumVisualStudioVersion = 10.0.40219.1
Project("{FAE04EC0-301F-11D3-BF4B-00C04F79EFBC}") = "I2CJtagEngine", "I2CJtagEngine.csproj", "{ECFCE4D4-63C3-B2C9-6004-4B5DBC1F6CBE}"
EndProject
Global
	GlobalSection(SolutionConfigurationPlatforms) = preSolution
		Debug|Any CPU = Debug|Any CPU
		Release|Any CPU = Release|Any CPU
	EndGlobalSection
	GlobalSection(ProjectConfigurationPlatforms) = postSolution
		{ECFCE4D4-63C3-B2C9-6004-4B5DBC1F6CBE}.Debug|Any CPU.ActiveCfg = Debug|Any CPU
		{ECFCE4D4-63C3-B2C9-6004-4B5DBC1F6CBE}.Debug|Any CPU.Build.0 = Debug|Any CPU
		{ECFCE4D4-63C3-B2C9-6004-4B5DBC1F6CBE}.Release|Any CPU.ActiveCfg = Release|Any CPU
		{ECFCE4D4-63C3-B2C9-6004-4B5DBC1F6CBE}.Release|Any CPU.Build.0 = Release|Any CPU
	EndGlobalSection
	GlobalSection(SolutionProperties) = preSolution
		HideSolutionNode = FALSE
	EndGlobalSection
	GlobalSection(ExtensibilityGlobals) = postSolution
		SolutionGuid = {F28BA6D1-36C5-46D6-A377-4CA4D9050214}
	EndGlobalSection
EndGlobal
